{
  "name": "ristretto",
  "version": "0.17.0",
  "lockfileVersion": 3,
  "requires": true,
  "packages": {
    "": {
      "name": "ristretto",
      "version": "0.17.0",
      "dependencies": {
        "jsonc-parser": "^3.3.1"
      },
      "bin": {
        "ristretto": "bin/install.mjs"
      }
    },
    "../../../../scratch/src/opencode/.opencode/node_modules/@opencode-ai/plugin": {
      "version": "1.17.9",
      "extraneous": true,
      "license": "MIT",
      "dependencies": {
        "@opencode-ai/sdk": "1.17.9",
        "effect": "4.0.0-beta.74",
        "zod": "4.1.8"
      },
      "devDependencies": {
        "@opentui/core": "0.3.4",
        "@opentui/keymap": "0.3.4",
        "@opentui/solid": "0.3.4",
        "@tsconfig/node22": "22.0.2",
        "@types/node": "24.12.2",
        "@typescript/native-preview": "7.0.0-dev.20251207.1",
        "typescript": "5.8.2"
      },
      "peerDependencies": {
        "@opentui/core": ">=0.3.4",
        "@opentui/keymap": ">=0.3.4",
        "@opentui/solid": ">=0.3.4"
      },
      "peerDependenciesMeta": {
        "@opentui/core": {
          "optional": true
        },
        "@opentui/keymap": {
          "optional": true
        },
        "@opentui/solid": {
          "optional": true
        }
      }
    },
    "node_modules/jsonc-parser": {
      "version": "3.3.1",
      "resolved": "https://registry.npmjs.org/jsonc-parser/-/jsonc-parser-3.3.1.tgz",
      "integrity": "sha512-HUgH65KyejrUFPvHFPbqOY0rsFip3Bo5wb4ngvdi1EpCYWUQDC5V+Y7mZws+DLkr4M//zQJoanu1SP+87Dv1oQ==",
      "license": "MIT"
    }
  }
}
